
Microsoft Visual Studio Solution File, Format Version 12.00
# Visual Studio Version 16
VisualStudioVersion = 16.0.30611.23
MinimumVisualStudioVersion = 10.0.40219.1
Project("{FAE04EC0-301F-11D3-BF4B-00C04F79EFBC}") = "Nonograma", "Nonograma\Nonograma.csproj", "{C2A5D685-394D-43A6-8A63-CBED8D8858F8}"
EndProject
Global
	GlobalSection(SolutionConfigurationPlatforms) = preSolution
		Debug|Any CPU = Debug|Any CPU
		Release|Any CPU = Release|Any CPU
	EndGlobalSection
	GlobalSection(ProjectConfigurationPlatforms) = postSolution
		{C2A5D685-394D-43A6-8A63-CBED8D8858F8}.Debug|Any CPU.ActiveCfg = Debug|Any CPU
		{C2A5D685-394D-43A6-8A63-CBED8D8858F8}.Debug|Any CPU.Build.0 = Debug|Any CPU
		{C2A5D685-394D-43A6-8A63-CBED8D8858F8}.Release|Any CPU.ActiveCfg = Release|Any CPU
		{C2A5D685-394D-43A6-8A63-CBED8D8858F8}.Release|Any CPU.Build.0 = Release|Any CPU
	EndGlobalSection
	GlobalSection(SolutionProperties) = preSolution
		HideSolutionNode = FALSE
	EndGlobalSection
	GlobalSection(ExtensibilityGlobals) = postSolution
		SolutionGuid = {56D2BB7B-7A88-4B44-AF1E-6CDAD83A0A8F}
	EndGlobalSection
EndGlobal
